
Microsoft Visual Studio Solution File, Format Version 12.00
# Visual Studio Version 16
VisualStudioVersion = 16.0.29613.14
MinimumVisualStudioVersion = 10.0.40219.1
Project("{FAE04EC0-301F-11D3-BF4B-00C04F79EFBC}") = "UnitTesting2", "UnitTesting2\UnitTesting2.csproj", "{C94CA8AE-6F97-41FB-B731-281C2FAB88EA}"
EndProject
Project("{FAE04EC0-301F-11D3-BF4B-00C04F79EFBC}") = "RandomTest", "RandomTest\RandomTest.csproj", "{6ED50D64-CE1B-4A18-96D2-E240B3819B5E}"
EndProject
Global
	GlobalSection(SolutionConfigurationPlatforms) = preSolution
		Debug|Any CPU = Debug|Any CPU
		Release|Any CPU = Release|Any CPU
	EndGlobalSection
	GlobalSection(ProjectConfigurationPlatforms) = postSolution
		{C94CA8AE-6F97-41FB-B731-281C2FAB88EA}.Debug|Any CPU.ActiveCfg = Debug|Any CPU
		{C94CA8AE-6F97-41FB-B731-281C2FAB88EA}.Debug|Any CPU.Build.0 = Debug|Any CPU
		{C94CA8AE-6F97-41FB-B731-281C2FAB88EA}.Release|Any CPU.ActiveCfg = Release|Any CPU
		{C94CA8AE-6F97-41FB-B731-281C2FAB88EA}.Release|Any CPU.Build.0 = Release|Any CPU
		{6ED50D64-CE1B-4A18-96D2-E240B3819B5E}.Debug|Any CPU.ActiveCfg = Debug|Any CPU
		{6ED50D64-CE1B-4A18-96D2-E240B3819B5E}.Debug|Any CPU.Build.0 = Debug|Any CPU
		{6ED50D64-CE1B-4A18-96D2-E240B3819B5E}.Release|Any CPU.ActiveCfg = Release|Any CPU
		{6ED50D64-CE1B-4A18-96D2-E240B3819B5E}.Release|Any CPU.Build.0 = Release|Any CPU
	EndGlobalSection
	GlobalSection(SolutionProperties) = preSolution
		HideSolutionNode = FALSE
	EndGlobalSection
	GlobalSection(ExtensibilityGlobals) = postSolution
		SolutionGuid = {ADB8B4BD-2078-4B37-A90B-5A7E2990F5A8}
	EndGlobalSection
EndGlobal
